{
  "lockfileVersion": 1,
  "configVersion": 1,
  "workspaces": {
    "": {
      "name": "kittens-crew-benchmarks",
      "dependencies": {
        "gpt-tokenizer": "^2.9.0",
      },
    },
  },
  "packages": {
    "gpt-tokenizer": ["gpt-tokenizer@2.9.0", "", {}, "sha512-YSpexBL/k4bfliAzMrRqn3M6+it02LutVyhVpDeMKrC/O9+pCe/5s8U2hYKa2vFLD5/vHhsKc8sOn/qGqII8Kg=="],
  }
}
